// !$*UTF8*$!
{
	archiveVersion = 1;
	classes = {
	};
	objectVersion = 50;
	objects = {

/* Begin PBXBuildFile section */
		82895E5121E91327005CFF03 /* DisplayViewController.swift in Sources */ = {isa = PBXBuildFile; fileRef = 82895E4F21E91327005CFF03 /* DisplayViewController.swift */; };
		82895E5221E91327005CFF03 /* DisplayViewController.xib in Resources */ = {isa = PBXBuildFile; fileRef = 82895E5021E91327005CFF03 /* DisplayViewController.xib */; };
		82895E5421E916CA005CFF03 /* DismissToCellAnimator.swift in Sources */ = {isa = PBXBuildFile; fileRef = 82895E5321E916CA005CFF03 /* DismissToCellAnimator.swift */; };
		82A8232621E7C64B002ED994 /* AppDelegate.swift in Sources */ = {isa = PBXBuildFile; fileRef = 82A8232521E7C64B002ED994 /* AppDelegate.swift */; };
		82A8232B21E7C64B002ED994 /* Main.storyboard in Resources */ = {isa = PBXBuildFile; fileRef = 82A8232921E7C64B002ED994 /* Main.storyboard */; };
		82A8232D21E7C64C002ED994 /* Assets.xcassets in Resources */ = {isa = PBXBuildFile; fileRef = 82A8232C21E7C64C002ED994 /* Assets.xcassets */; };
		82A8233021E7C64C002ED994 /* LaunchScreen.storyboard in Resources */ = {isa = PBXBuildFile; fileRef = 82A8232E21E7C64C002ED994 /* LaunchScreen.storyboard */; };
		82A8233821E7C6CA002ED994 /* CollectionViewController.swift in Sources */ = {isa = PBXBuildFile; fileRef = 82A8233721E7C6CA002ED994 /* CollectionViewController.swift */; };
		82A8233A21E82168002ED994 /* CollectionViewCell.swift in Sources */ = {isa = PBXBuildFile; fileRef = 82A8233921E82168002ED994 /* CollectionViewCell.swift */; };
		82A8233C21E828BD002ED994 /* PresentFromCellAnimator.swift in Sources */ = {isa = PBXBuildFile; fileRef = 82A8233B21E828BD002ED994 /* PresentFromCellAnimator.swift */; };
/* End PBXBuildFile section */

/* Begin PBXFileReference section */
		82895E4F21E91327005CFF03 /* DisplayViewController.swift */ = {isa = PBXFileReference; lastKnownFileType = sourcecode.swift; path = DisplayViewController.swift; sourceTree = "<group>"; };
		82895E5021E91327005CFF03 /* DisplayViewController.xib */ = {isa = PBXFileReference; lastKnownFileType = file.xib; path = DisplayViewController.xib; sourceTree = "<group>"; };
		82895E5321E916CA005CFF03 /* DismissToCellAnimator.swift */ = {isa = PBXFileReference; lastKnownFileType = sourcecode.swift; path = DismissToCellAnimator.swift; sourceTree = "<group>"; };
		82A8232221E7C64B002ED994 /* CustomTransitionFromCollectionViewCell.app */ = {isa = PBXFileReference; explicitFileType = wrapper.application; includeInIndex = 0; path = CustomTransitionFromCollectionViewCell.app; sourceTree = BUILT_PRODUCTS_DIR; };
		82A8232521E7C64B002ED994 /* AppDelegate.swift */ = {isa = PBXFileReference; lastKnownFileType = sourcecode.swift; path = AppDelegate.swift; sourceTree = "<group>"; };
		82A8232A21E7C64B002ED994 /* Base */ = {isa = PBXFileReference; lastKnownFileType = file.storyboard; name = Base; path = Base.lproj/Main.storyboard; sourceTree = "<group>"; };
		82A8232C21E7C64C002ED994 /* Assets.xcassets */ = {isa = PBXFileReference; lastKnownFileType = folder.assetcatalog; path = Assets.xcassets; sourceTree = "<group>"; };
		82A8232F21E7C64C002ED994 /* Base */ = {isa = PBXFileReference; lastKnownFileType = file.storyboard; name = Base; path = Base.lproj/LaunchScreen.storyboard; sourceTree = "<group>"; };
		82A8233121E7C64C002ED994 /* Info.plist */ = {isa = PBXFileReference; lastKnownFileType = text.plist.xml; path = Info.plist; sourceTree = "<group>"; };
		82A8233721E7C6CA002ED994 /* CollectionViewController.swift */ = {isa = PBXFileReference; lastKnownFileType = sourcecode.swift; path = CollectionViewController.swift; sourceTree = "<group>"; };
		82A8233921E82168002ED994 /* CollectionViewCell.swift */ = {isa = PBXFileReference; lastKnownFileType = sourcecode.swift; path = CollectionViewCell.swift; sourceTree = "<group>"; };
		82A8233B21E828BD002ED994 /* PresentFromCellAnimator.swift */ = {isa = PBXFileReference; lastKnownFileType = sourcecode.swift; path = PresentFromCellAnimator.swift; sourceTree = "<group>"; };
/* End PBXFileReference section */

/* Begin PBXFrameworksBuildPhase section */
		82A8231F21E7C64B002ED994 /* Frameworks */ = {
			isa = PBXFrameworksBuildPhase;
			buildActionMask = 2147483647;
			files = (
			);
			runOnlyForDeploymentPostprocessing = 0;
		};
/* End PBXFrameworksBuildPhase section */

/* Begin PBXGroup section */
		82895E5521E9175D005CFF03 /* Animators */ = {
			isa = PBXGroup;
			children = (
				82A8233B21E828BD002ED994 /* PresentFromCellAnimator.swift */,
				82895E5321E916CA005CFF03 /* DismissToCellAnimator.swift */,
			);
			path = Animators;
			sourceTree = "<group>";
		};
		82895E5621E91776005CFF03 /* Controllers */ = {
			isa = PBXGroup;
			children = (
				82A8233721E7C6CA002ED994 /* CollectionViewController.swift */,
				82895E4F21E91327005CFF03 /* DisplayViewController.swift */,
			);
			path = Controllers;
			sourceTree = "<group>";
		};
		82895E5721E91795005CFF03 /* Views */ = {
			isa = PBXGroup;
			children = (
				82A8233921E82168002ED994 /* CollectionViewCell.swift */,
				82895E5021E91327005CFF03 /* DisplayViewController.xib */,
				82A8232921E7C64B002ED994 /* Main.storyboard */,
			);
			path = Views;
			sourceTree = "<group>";
		};
		82A8231921E7C64B002ED994 = {
			isa = PBXGroup;
			children = (
				82A8232421E7C64B002ED994 /* CustomTransitionFromCollectionViewCell */,
				82A8232321E7C64B002ED994 /* Products */,
			);
			sourceTree = "<group>";
		};
		82A8232321E7C64B002ED994 /* Products */ = {
			isa = PBXGroup;
			children = (
				82A8232221E7C64B002ED994 /* CustomTransitionFromCollectionViewCell.app */,
			);
			name = Products;
			sourceTree = "<group>";
		};
		82A8232421E7C64B002ED994 /* CustomTransitionFromCollectionViewCell */ = {
			isa = PBXGroup;
			children = (
				82A8232521E7C64B002ED994 /* AppDelegate.swift */,
				82895E5721E91795005CFF03 /* Views */,
				82895E5621E91776005CFF03 /* Controllers */,
				82895E5521E9175D005CFF03 /* Animators */,
				82A8232C21E7C64C002ED994 /* Assets.xcassets */,
				82A8232E21E7C64C002ED994 /* LaunchScreen.storyboard */,
				82A8233121E7C64C002ED994 /* Info.plist */,
			);
			path = CustomTransitionFromCollectionViewCell;
			sourceTree = "<group>";
		};
/* End PBXGroup section */

/* Begin PBXNativeTarget section */
		82A8232121E7C64B002ED994 /* CustomTransitionFromCollectionViewCell */ = {
			isa = PBXNativeTarget;
			buildConfigurationList = 82A8233421E7C64C002ED994 /* Build configuration list for PBXNativeTarget "CustomTransitionFromCollectionViewCell" */;
			buildPhases = (
				82A8231E21E7C64B002ED994 /* Sources */,
				82A8231F21E7C64B002ED994 /* Frameworks */,
				82A8232021E7C64B002ED994 /* Resources */,
			);
			buildRules = (
			);
			dependencies = (
			);
			name = CustomTransitionFromCollectionViewCell;
			productName = CustomTransitionFromCollectionViewCell;
			productReference = 82A8232221E7C64B002ED994 /* CustomTransitionFromCollectionViewCell.app */;
			productType = "com.apple.product-type.application";
		};
/* End PBXNativeTarget section */

/* Begin PBXProject section */
		82A8231A21E7C64B002ED994 /* Project object */ = {
			isa = PBXProject;
			attributes = {
				LastSwiftUpdateCheck = 1010;
				LastUpgradeCheck = 1010;
				ORGANIZATIONNAME = "Max Margolis";
				TargetAttributes = {
					82A8232121E7C64B002ED994 = {
						CreatedOnToolsVersion = 10.1;
					};
				};
			};
			buildConfigurationList = 82A8231D21E7C64B002ED994 /* Build configuration list for PBXProject "CustomTransitionFromCollectionViewCell" */;
			compatibilityVersion = "Xcode 9.3";
			developmentRegion = en;
			hasScannedForEncodings = 0;
			knownRegions = (
				en,
				Base,
			);
			mainGroup = 82A8231921E7C64B002ED994;
			productRefGroup = 82A8232321E7C64B002ED994 /* Products */;
			projectDirPath = "";
			projectRoot = "";
			targets = (
				82A8232121E7C64B002ED994 /* CustomTransitionFromCollectionViewCell */,
			);
		};
/* End PBXProject section */

/* Begin PBXResourcesBuildPhase section */
		82A8232021E7C64B002ED994 /* Resources */ = {
			isa = PBXResourcesBuildPhase;
			buildActionMask = 2147483647;
			files = (
				82A8233021E7C64C002ED994 /* LaunchScreen.storyboard in Resources */,
				82A8232D21E7C64C002ED994 /* Assets.xcassets in Resources */,
				82A8232B21E7C64B002ED994 /* Main.storyboard in Resources */,
				82895E5221E91327005CFF03 /* DisplayViewController.xib in Resources */,
			);
			runOnlyForDeploymentPostprocessing = 0;
		};
/* End PBXResourcesBuildPhase section */

/* Begin PBXSourcesBuildPhase section */
		82A8231E21E7C64B002ED994 /* Sources */ = {
			isa = PBXSourcesBuildPhase;
			buildActionMask = 2147483647;
			files = (
				82895E5121E91327005CFF03 /* DisplayViewController.swift in Sources */,
				82A8233821E7C6CA002ED994 /* CollectionViewController.swift in Sources */,
				82A8233C21E828BD002ED994 /* PresentFromCellAnimator.swift in Sources */,
				82A8232621E7C64B002ED994 /* AppDelegate.swift in Sources */,
				82895E5421E916CA005CFF03 /* DismissToCellAnimator.swift in Sources */,
				82A8233A21E82168002ED994 /* CollectionViewCell.swift in Sources */,
			);
			runOnlyForDeploymentPostprocessing = 0;
		};
/* End PBXSourcesBuildPhase section */

/* Begin PBXVariantGroup section */
		82A8232921E7C64B002ED994 /* Main.storyboard */ = {
			isa = PBXVariantGroup;
			children = (
				82A8232A21E7C64B002ED994 /* Base */,
			);
			name = Main.storyboard;
			sourceTree = "<group>";
		};
		82A8232E21E7C64C002ED994 /* LaunchScreen.storyboard */ = {
			isa = PBXVariantGroup;
			children = (
				82A8232F21E7C64C002ED994 /* Base */,
			);
			name = LaunchScreen.storyboard;
			sourceTree = "<group>";
		};
/* End PBXVariantGroup section */

/* Begin XCBuildConfiguration section */
		82A8233221E7C64C002ED994 /* Debug */ = {
			isa = XCBuildConfiguration;
			buildSettings = {
				ALWAYS_SEARCH_USER_PATHS = NO;
				CLANG_ANALYZER_NONNULL = YES;
				CLANG_ANALYZER_NUMBER_OBJECT_CONVERSION = YES_AGGRESSIVE;
				CLANG_CXX_LANGUAGE_STANDARD = "gnu++14";
				CLANG_CXX_LIBRARY = "libc++";
				CLANG_ENABLE_MODULES = YES;
				CLANG_ENABLE_OBJC_ARC = YES;
				CLANG_ENABLE_OBJC_WEAK = YES;
				CLANG_WARN_BLOCK_CAPTURE_AUTORELEASING = YES;
				CLANG_WARN_BOOL_CONVERSION = YES;
				CLANG_WARN_COMMA = YES;
				CLANG_WARN_CONSTANT_CONVERSION = YES;
				CLANG_WARN_DEPRECATED_OBJC_IMPLEMENTATIONS = YES;
				CLANG_WARN_DIRECT_OBJC_ISA_USAGE = YES_ERROR;
				CLANG_WARN_DOCUMENTATION_COMMENTS = YES;
				CLANG_WARN_EMPTY_BODY = YES;
				CLANG_WARN_ENUM_CONVERSION = YES;
				CLANG_WARN_INFINITE_RECURSION = YES;
				CLANG_WARN_INT_CONVERSION = YES;
				CLANG_WARN_NON_LITERAL_NULL_CONVERSION = YES;
				CLANG_WARN_OBJC_IMPLICIT_RETAIN_SELF = YES;
				CLANG_WARN_OBJC_LITERAL_CONVERSION = YES;
				CLANG_WARN_OBJC_ROOT_CLASS = YES_ERROR;
				CLANG_WARN_RANGE_LOOP_ANALYSIS = YES;
				CLANG_WARN_STRICT_PROTOTYPES = YES;
				CLANG_WARN_SUSPICIOUS_MOVE = YES;
				CLANG_WARN_UNGUARDED_AVAILABILITY = YES_AGGRESSIVE;
				CLANG_WARN_UNREACHABLE_CODE = YES;
				CLANG_WARN__DUPLICATE_METHOD_MATCH = YES;
				CODE_SIGN_IDENTITY = "iPhone Developer";
				COPY_PHASE_STRIP = NO;
				DEBUG_INFORMATION_FORMAT = dwarf;
				ENABLE_STRICT_OBJC_MSGSEND = YES;
				ENABLE_TESTABILITY = YES;
				GCC_C_LANGUAGE_STANDARD = gnu11;
				GCC_DYNAMIC_NO_PIC = NO;
				GCC_NO_COMMON_BLOCKS = YES;
				GCC_OPTIMIZATION_LEVEL = 0;
				GCC_PREPROCESSOR_DEFINITIONS = (
					"DEBUG=1",
					"$(inherited)",
				);
				GCC_WARN_64_TO_32_BIT_CONVERSION = YES;
				GCC_WARN_ABOUT_RETURN_TYPE = YES_ERROR;
				GCC_WARN_UNDECLARED_SELECTOR = YES;
				GCC_WARN_UNINITIALIZED_AUTOS = YES_AGGRESSIVE;
				GCC_WARN_UNUSED_FUNCTION = YES;
				GCC_WARN_UNUSED_VARIABLE = YES;
				IPHONEOS_DEPLOYMENT_TARGET = 12.1;
				MTL_ENABLE_DEBUG_INFO = INCLUDE_SOURCE;
				MTL_FAST_MATH = YES;
				ONLY_ACTIVE_ARCH = YES;
				SDKROOT = iphoneos;
				SWIFT_ACTIVE_COMPILATION_CONDITIONS = DEBUG;
				SWIFT_OPTIMIZATION_LEVEL = "-Onone";
			};
			name = Debug;
		};
		82A8233321E7C64C002ED994 /* Release */ = {
			isa = XCBuildConfiguration;
			buildSettings = {
				ALWAYS_SEARCH_USER_PATHS = NO;
				CLANG_ANALYZER_NONNULL = YES;
				CLANG_ANALYZER_NUMBER_OBJECT_CONVERSION = YES_AGGRESSIVE;
				CLANG_CXX_LANGUAGE_STANDARD = "gnu++14";
				CLANG_CXX_LIBRARY = "libc++";
				CLANG_ENABLE_MODULES = YES;
				CLANG_ENABLE_OBJC_ARC = YES;
				CLANG_ENABLE_OBJC_WEAK = YES;
				CLANG_WARN_BLOCK_CAPTURE_AUTORELEASING = YES;
				CLANG_WARN_BOOL_CONVERSION = YES;
				CLANG_WARN_COMMA = YES;
				CLANG_WARN_CONSTANT_CONVERSION = YES;
				CLANG_WARN_DEPRECATED_OBJC_IMPLEMENTATIONS = YES;
				CLANG_WARN_DIRECT_OBJC_ISA_USAGE = YES_ERROR;
				CLANG_WARN_DOCUMENTATION_COMMENTS = YES;
				CLANG_WARN_EMPTY_BODY = YES;
				CLANG_WARN_ENUM_CONVERSION = YES;
				CLANG_WARN_INFINITE_RECURSION = YES;
				CLANG_WARN_INT_CONVERSION = YES;
				CLANG_WARN_NON_LITERAL_NULL_CONVERSION = YES;
				CLANG_WARN_OBJC_IMPLICIT_RETAIN_SELF = YES;
				CLANG_WARN_OBJC_LITERAL_CONVERSION = YES;
				CLANG_WARN_OBJC_ROOT_CLASS = YES_ERROR;
				CLANG_WARN_RANGE_LOOP_ANALYSIS = YES;
				CLANG_WARN_STRICT_PROTOTYPES = YES;
				CLANG_WARN_SUSPICIOUS_MOVE = YES;
				CLANG_WARN_UNGUARDED_AVAILABILITY = YES_AGGRESSIVE;
				CLANG_WARN_UNREACHABLE_CODE = YES;
				CLANG_WARN__DUPLICATE_METHOD_MATCH = YES;
				CODE_SIGN_IDENTITY = "iPhone Developer";
				COPY_PHASE_STRIP = NO;
				DEBUG_INFORMATION_FORMAT = "dwarf-with-dsym";
				ENABLE_NS_ASSERTIONS = NO;
				ENABLE_STRICT_OBJC_MSGSEND = YES;
				GCC_C_LANGUAGE_STANDARD = gnu11;
				GCC_NO_COMMON_BLOCKS = YES;
				GCC_WARN_64_TO_32_BIT_CONVERSION = YES;
				GCC_WARN_ABOUT_RETURN_TYPE = YES_ERROR;
				GCC_WARN_UNDECLARED_SELECTOR = YES;
				GCC_WARN_UNINITIALIZED_AUTOS = YES_AGGRESSIVE;
				GCC_WARN_UNUSED_FUNCTION = YES;
				GCC_WARN_UNUSED_VARIABLE = YES;
				IPHONEOS_DEPLOYMENT_TARGET = 12.1;
				MTL_ENABLE_DEBUG_INFO = NO;
				MTL_FAST_MATH = YES;
				SDKROOT = iphoneos;
				SWIFT_COMPILATION_MODE = wholemodule;
				SWIFT_OPTIMIZATION_LEVEL = "-O";
				VALIDATE_PRODUCT = YES;
			};
			name = Release;
		};
		82A8233521E7C64C002ED994 /* Debug */ = {
			isa = XCBuildConfiguration;
			buildSettings = {
				ASSETCATALOG_COMPILER_APPICON_NAME = AppIcon;
				CODE_SIGN_STYLE = Automatic;
				DEVELOPMENT_TEAM = 4VVYDXR2VN;
				INFOPLIST_FILE = CustomTransitionFromCollectionViewCell/Info.plist;
				LD_RUNPATH_SEARCH_PATHS = (
					"$(inherited)",
					"@executable_path/Frameworks",
				);
				PRODUCT_BUNDLE_IDENTIFIER = com.MaxMargolis.CustomTransitionFromCollectionViewCell;
				PRODUCT_NAME = "$(TARGET_NAME)";
				SWIFT_VERSION = 4.2;
				TARGETED_DEVICE_FAMILY = 1;
			};
			name = Debug;
		};
		82A8233621E7C64C002ED994 /* Release */ = {
			isa = XCBuildConfiguration;
			buildSettings = {
				ASSETCATALOG_COMPILER_APPICON_NAME = AppIcon;
				CODE_SIGN_STYLE = Automatic;
				DEVELOPMENT_TEAM = 4VVYDXR2VN;
				INFOPLIST_FILE = CustomTransitionFromCollectionViewCell/Info.plist;
				LD_RUNPATH_SEARCH_PATHS = (
					"$(inherited)",
					"@executable_path/Frameworks",
				);
				PRODUCT_BUNDLE_IDENTIFIER = com.MaxMargolis.CustomTransitionFromCollectionViewCell;
				PRODUCT_NAME = "$(TARGET_NAME)";
				SWIFT_VERSION = 4.2;
				TARGETED_DEVICE_FAMILY = 1;
			};
			name = Release;
		};
/* End XCBuildConfiguration section */

/* Begin XCConfigurationList section */
		82A8231D21E7C64B002ED994 /* Build configuration list for PBXProject "CustomTransitionFromCollectionViewCell" */ = {
			isa = XCConfigurationList;
			buildConfigurations = (
				82A8233221E7C64C002ED994 /* Debug */,
				82A8233321E7C64C002ED994 /* Release */,
			);
			defaultConfigurationIsVisible = 0;
			defaultConfigurationName = Release;
		};
		82A8233421E7C64C002ED994 /* Build configuration list for PBXNativeTarget "CustomTransitionFromCollectionViewCell" */ = {
			isa = XCConfigurationList;
			buildConfigurations = (
				82A8233521E7C64C002ED994 /* Debug */,
				82A8233621E7C64C002ED994 /* Release */,
			);
			defaultConfigurationIsVisible = 0;
			defaultConfigurationName = Release;
		};
/* End XCConfigurationList section */
	};
	rootObject = 82A8231A21E7C64B002ED994 /* Project object */;
}
